// !$*UTF8*$!
{
	archiveVersion = 1;
	classes = {
	};
	objectVersion = 46;
	objects = {

/* Begin PBXBuildFile section */
		EE03DC541DEC3A7F00D9E7BF /* Main.storyboard in Resources */ = {isa = PBXBuildFile; fileRef = EE03DC521DEC3A7F00D9E7BF /* Main.storyboard */; };
		EE03DC571DEC3A7F00D9E7BF /* SearchTweets.xcdatamodeld in Sources */ = {isa = PBXBuildFile; fileRef = EE03DC551DEC3A7F00D9E7BF /* SearchTweets.xcdatamodeld */; };
		EE03DC591DEC3A7F00D9E7BF /* Assets.xcassets in Resources */ = {isa = PBXBuildFile; fileRef = EE03DC581DEC3A7F00D9E7BF /* Assets.xcassets */; };
		EE03DC5C1DEC3A7F00D9E7BF /* LaunchScreen.storyboard in Resources */ = {isa = PBXBuildFile; fileRef = EE03DC5A1DEC3A7F00D9E7BF /* LaunchScreen.storyboard */; };
		EE03DC661DEC3CA300D9E7BF /* AppDelegate.swift in Sources */ = {isa = PBXBuildFile; fileRef = EE03DC651DEC3CA300D9E7BF /* AppDelegate.swift */; };
		EE03DC681DEC3CB300D9E7BF /* ViewController.swift in Sources */ = {isa = PBXBuildFile; fileRef = EE03DC671DEC3CB300D9E7BF /* ViewController.swift */; };
		EE03DC6C1DEC3D5B00D9E7BF /* SearchTweets.storyboard in Resources */ = {isa = PBXBuildFile; fileRef = EE03DC6B1DEC3D5B00D9E7BF /* SearchTweets.storyboard */; };
		EE03DC6E1DEC3DA100D9E7BF /* SearchTweetsVC.swift in Sources */ = {isa = PBXBuildFile; fileRef = EE03DC6D1DEC3DA100D9E7BF /* SearchTweetsVC.swift */; };
		EE03DC711DEC43D600D9E7BF /* TwitterOAuthClass.swift in Sources */ = {isa = PBXBuildFile; fileRef = EE03DC701DEC43D600D9E7BF /* TwitterOAuthClass.swift */; };
		EE03DC741DEC48F400D9E7BF /* getBase64.swift in Sources */ = {isa = PBXBuildFile; fileRef = EE03DC731DEC48F400D9E7BF /* getBase64.swift */; };
		EE71B6051DEDB7B5004E9965 /* TweetDetail.storyboard in Resources */ = {isa = PBXBuildFile; fileRef = EE71B6041DEDB7B5004E9965 /* TweetDetail.storyboard */; };
		EE71B6071DEDB90F004E9965 /* TweetDetail.swift in Sources */ = {isa = PBXBuildFile; fileRef = EE71B6061DEDB90F004E9965 /* TweetDetail.swift */; };
		EEEFD8011DED8295003171CA /* Tweet.swift in Sources */ = {isa = PBXBuildFile; fileRef = EEEFD8001DED8295003171CA /* Tweet.swift */; };
		EEEFD8031DED88AF003171CA /* User.swift in Sources */ = {isa = PBXBuildFile; fileRef = EEEFD8021DED88AF003171CA /* User.swift */; };
		EEEFD8061DED8BC2003171CA /* TweetCell.swift in Sources */ = {isa = PBXBuildFile; fileRef = EEEFD8041DED8BC2003171CA /* TweetCell.swift */; };
		EEEFD8071DED8BC2003171CA /* TweetCell.xib in Resources */ = {isa = PBXBuildFile; fileRef = EEEFD8051DED8BC2003171CA /* TweetCell.xib */; };
		F3C19DB3E644638562FE2987 /* Pods_SearchTweets.framework in Frameworks */ = {isa = PBXBuildFile; fileRef = DA454D54BDF8F9471BAE7E63 /* Pods_SearchTweets.framework */; };
/* End PBXBuildFile section */

/* Begin PBXFileReference section */
		7CA0AFCF98A9AD6D26096D02 /* Pods-SearchTweets.release.xcconfig */ = {isa = PBXFileReference; includeInIndex = 1; lastKnownFileType = text.xcconfig; name = "Pods-SearchTweets.release.xcconfig"; path = "Pods/Target Support Files/Pods-SearchTweets/Pods-SearchTweets.release.xcconfig"; sourceTree = "<group>"; };
		DA454D54BDF8F9471BAE7E63 /* Pods_SearchTweets.framework */ = {isa = PBXFileReference; explicitFileType = wrapper.framework; includeInIndex = 0; path = Pods_SearchTweets.framework; sourceTree = BUILT_PRODUCTS_DIR; };
		EAB39FE1CD38D30A756428C6 /* Pods-SearchTweets.debug.xcconfig */ = {isa = PBXFileReference; includeInIndex = 1; lastKnownFileType = text.xcconfig; name = "Pods-SearchTweets.debug.xcconfig"; path = "Pods/Target Support Files/Pods-SearchTweets/Pods-SearchTweets.debug.xcconfig"; sourceTree = "<group>"; };
		EE03DC4B1DEC3A7F00D9E7BF /* SearchTweets.app */ = {isa = PBXFileReference; explicitFileType = wrapper.application; includeInIndex = 0; path = SearchTweets.app; sourceTree = BUILT_PRODUCTS_DIR; };
		EE03DC531DEC3A7F00D9E7BF /* Base */ = {isa = PBXFileReference; lastKnownFileType = file.storyboard; name = Base; path = Base.lproj/Main.storyboard; sourceTree = "<group>"; };
		EE03DC561DEC3A7F00D9E7BF /* SearchTweets.xcdatamodel */ = {isa = PBXFileReference; lastKnownFileType = wrapper.xcdatamodel; path = SearchTweets.xcdatamodel; sourceTree = "<group>"; };
		EE03DC581DEC3A7F00D9E7BF /* Assets.xcassets */ = {isa = PBXFileReference; lastKnownFileType = folder.assetcatalog; path = Assets.xcassets; sourceTree = "<group>"; };
		EE03DC5B1DEC3A7F00D9E7BF /* Base */ = {isa = PBXFileReference; lastKnownFileType = file.storyboard; name = Base; path = Base.lproj/LaunchScreen.storyboard; sourceTree = "<group>"; };
		EE03DC5D1DEC3A7F00D9E7BF /* Info.plist */ = {isa = PBXFileReference; lastKnownFileType = text.plist.xml; path = Info.plist; sourceTree = "<group>"; };
		EE03DC651DEC3CA300D9E7BF /* AppDelegate.swift */ = {isa = PBXFileReference; fileEncoding = 4; lastKnownFileType = sourcecode.swift; path = AppDelegate.swift; sourceTree = "<group>"; };
		EE03DC671DEC3CB300D9E7BF /* ViewController.swift */ = {isa = PBXFileReference; fileEncoding = 4; lastKnownFileType = sourcecode.swift; path = ViewController.swift; sourceTree = "<group>"; };
		EE03DC6B1DEC3D5B00D9E7BF /* SearchTweets.storyboard */ = {isa = PBXFileReference; fileEncoding = 4; lastKnownFileType = file.storyboard; path = SearchTweets.storyboard; sourceTree = "<group>"; };
		EE03DC6D1DEC3DA100D9E7BF /* SearchTweetsVC.swift */ = {isa = PBXFileReference; fileEncoding = 4; lastKnownFileType = sourcecode.swift; path = SearchTweetsVC.swift; sourceTree = "<group>"; };
		EE03DC701DEC43D600D9E7BF /* TwitterOAuthClass.swift */ = {isa = PBXFileReference; fileEncoding = 4; lastKnownFileType = sourcecode.swift; path = TwitterOAuthClass.swift; sourceTree = "<group>"; };
		EE03DC731DEC48F400D9E7BF /* getBase64.swift */ = {isa = PBXFileReference; fileEncoding = 4; lastKnownFileType = sourcecode.swift; path = getBase64.swift; sourceTree = "<group>"; };
		EE71B6041DEDB7B5004E9965 /* TweetDetail.storyboard */ = {isa = PBXFileReference; fileEncoding = 4; lastKnownFileType = file.storyboard; path = TweetDetail.storyboard; sourceTree = "<group>"; };
		EE71B6061DEDB90F004E9965 /* TweetDetail.swift */ = {isa = PBXFileReference; fileEncoding = 4; lastKnownFileType = sourcecode.swift; path = TweetDetail.swift; sourceTree = "<group>"; };
		EEEFD8001DED8295003171CA /* Tweet.swift */ = {isa = PBXFileReference; fileEncoding = 4; lastKnownFileType = sourcecode.swift; path = Tweet.swift; sourceTree = "<group>"; };
		EEEFD8021DED88AF003171CA /* User.swift */ = {isa = PBXFileReference; fileEncoding = 4; lastKnownFileType = sourcecode.swift; path = User.swift; sourceTree = "<group>"; };
		EEEFD8041DED8BC2003171CA /* TweetCell.swift */ = {isa = PBXFileReference; fileEncoding = 4; lastKnownFileType = sourcecode.swift; name = TweetCell.swift; path = ../TweetCell.swift; sourceTree = "<group>"; };
		EEEFD8051DED8BC2003171CA /* TweetCell.xib */ = {isa = PBXFileReference; fileEncoding = 4; lastKnownFileType = file.xib; name = TweetCell.xib; path = ../TweetCell.xib; sourceTree = "<group>"; };
/* End PBXFileReference section */

/* Begin PBXFrameworksBuildPhase section */
		EE03DC481DEC3A7F00D9E7BF /* Frameworks */ = {
			isa = PBXFrameworksBuildPhase;
			buildActionMask = 2147483647;
			files = (
				F3C19DB3E644638562FE2987 /* Pods_SearchTweets.framework in Frameworks */,
			);
			runOnlyForDeploymentPostprocessing = 0;
		};
/* End PBXFrameworksBuildPhase section */

/* Begin PBXGroup section */
		BA2F6EC2F25E2A5A16BA9ED5 /* Pods */ = {
			isa = PBXGroup;
			children = (
				EAB39FE1CD38D30A756428C6 /* Pods-SearchTweets.debug.xcconfig */,
				7CA0AFCF98A9AD6D26096D02 /* Pods-SearchTweets.release.xcconfig */,
			);
			name = Pods;
			sourceTree = "<group>";
		};
		C9FBCD9AC4E4DFEE986E764C /* Frameworks */ = {
			isa = PBXGroup;
			children = (
				DA454D54BDF8F9471BAE7E63 /* Pods_SearchTweets.framework */,
			);
			name = Frameworks;
			sourceTree = "<group>";
		};
		EE03DC421DEC3A7F00D9E7BF = {
			isa = PBXGroup;
			children = (
				EE03DC4D1DEC3A7F00D9E7BF /* SearchTweets */,
				EE03DC4C1DEC3A7F00D9E7BF /* Products */,
				BA2F6EC2F25E2A5A16BA9ED5 /* Pods */,
				C9FBCD9AC4E4DFEE986E764C /* Frameworks */,
			);
			sourceTree = "<group>";
		};
		EE03DC4C1DEC3A7F00D9E7BF /* Products */ = {
			isa = PBXGroup;
			children = (
				EE03DC4B1DEC3A7F00D9E7BF /* SearchTweets.app */,
			);
			name = Products;
			sourceTree = "<group>";
		};
		EE03DC4D1DEC3A7F00D9E7BF /* SearchTweets */ = {
			isa = PBXGroup;
			children = (
				EECAA9AA1DEDE00500A9A664 /* Constants */,
				EEEFD7FF1DED822D003171CA /* Models */,
				EE03DC6F1DEC43BB00D9E7BF /* SingletonClasses */,
				EE03DC641DEC3C6500D9E7BF /* AppDelegate */,
				EE03DC631DEC3C1800D9E7BF /* ViewController */,
				EEEFD8081DED8BDB003171CA /* TableViewCell */,
				EE03DC6A1DEC3CF400D9E7BF /* SupportingFiles */,
				EE03DC691DEC3CCE00D9E7BF /* Views */,
				EE03DC721DEC487D00D9E7BF /* Extensions */,
			);
			path = SearchTweets;
			sourceTree = "<group>";
		};
		EE03DC631DEC3C1800D9E7BF /* ViewController */ = {
			isa = PBXGroup;
			children = (
				EE03DC671DEC3CB300D9E7BF /* ViewController.swift */,
				EE03DC6D1DEC3DA100D9E7BF /* SearchTweetsVC.swift */,
				EE71B6061DEDB90F004E9965 /* TweetDetail.swift */,
			);
			path = ViewController;
			sourceTree = "<group>";
		};
		EE03DC641DEC3C6500D9E7BF /* AppDelegate */ = {
			isa = PBXGroup;
			children = (
				EE03DC651DEC3CA300D9E7BF /* AppDelegate.swift */,
			);
			path = AppDelegate;
			sourceTree = "<group>";
		};
		EE03DC691DEC3CCE00D9E7BF /* Views */ = {
			isa = PBXGroup;
			children = (
				EE03DC521DEC3A7F00D9E7BF /* Main.storyboard */,
				EE03DC6B1DEC3D5B00D9E7BF /* SearchTweets.storyboard */,
				EE03DC5A1DEC3A7F00D9E7BF /* LaunchScreen.storyboard */,
				EE71B6041DEDB7B5004E9965 /* TweetDetail.storyboard */,
			);
			name = Views;
			sourceTree = "<group>";
		};
		EE03DC6A1DEC3CF400D9E7BF /* SupportingFiles */ = {
			isa = PBXGroup;
			children = (
				EE03DC581DEC3A7F00D9E7BF /* Assets.xcassets */,
				EE03DC5D1DEC3A7F00D9E7BF /* Info.plist */,
				EE03DC551DEC3A7F00D9E7BF /* SearchTweets.xcdatamodeld */,
			);
			name = SupportingFiles;
			sourceTree = "<group>";
		};
		EE03DC6F1DEC43BB00D9E7BF /* SingletonClasses */ = {
			isa = PBXGroup;
			children = (
				EE03DC701DEC43D600D9E7BF /* TwitterOAuthClass.swift */,
			);
			path = SingletonClasses;
			sourceTree = "<group>";
		};
		EE03DC721DEC487D00D9E7BF /* Extensions */ = {
			isa = PBXGroup;
			children = (
				EE03DC731DEC48F400D9E7BF /* getBase64.swift */,
			);
			path = Extensions;
			sourceTree = "<group>";
		};
		EECAA9AA1DEDE00500A9A664 /* Constants */ = {
			isa = PBXGroup;
			children = (
			);
			path = Constants;
			sourceTree = "<group>";
		};
		EEEFD7FF1DED822D003171CA /* Models */ = {
			isa = PBXGroup;
			children = (
				EEEFD8001DED8295003171CA /* Tweet.swift */,
				EEEFD8021DED88AF003171CA /* User.swift */,
			);
			path = Models;
			sourceTree = "<group>";
		};
		EEEFD8081DED8BDB003171CA /* TableViewCell */ = {
			isa = PBXGroup;
			children = (
				EEEFD8041DED8BC2003171CA /* TweetCell.swift */,
				EEEFD8051DED8BC2003171CA /* TweetCell.xib */,
			);
			name = TableViewCell;
			path = ViewController/TableViewCell;
			sourceTree = "<group>";
		};
/* End PBXGroup section */

/* Begin PBXNativeTarget section */
		EE03DC4A1DEC3A7F00D9E7BF /* SearchTweets */ = {
			isa = PBXNativeTarget;
			buildConfigurationList = EE03DC601DEC3A7F00D9E7BF /* Build configuration list for PBXNativeTarget "SearchTweets" */;
			buildPhases = (
				8CDE945CBAD767B60DCC1360 /* [CP] Check Pods Manifest.lock */,
				EE03DC471DEC3A7F00D9E7BF /* Sources */,
				EE03DC481DEC3A7F00D9E7BF /* Frameworks */,
				EE03DC491DEC3A7F00D9E7BF /* Resources */,
				48885FF039D1D7B1A5996DE3 /* [CP] Embed Pods Frameworks */,
				1A0F1D518C4A2C59F0F36E8A /* [CP] Copy Pods Resources */,
			);
			buildRules = (
			);
			dependencies = (
			);
			name = SearchTweets;
			productName = SearchTweets;
			productReference = EE03DC4B1DEC3A7F00D9E7BF /* SearchTweets.app */;
			productType = "com.apple.product-type.application";
		};
/* End PBXNativeTarget section */

/* Begin PBXProject section */
		EE03DC431DEC3A7F00D9E7BF /* Project object */ = {
			isa = PBXProject;
			attributes = {
				LastSwiftUpdateCheck = 0800;
				LastUpgradeCheck = 0800;
				ORGANIZATIONNAME = awais;
				TargetAttributes = {
					EE03DC4A1DEC3A7F00D9E7BF = {
						CreatedOnToolsVersion = 8.0;
						LastSwiftMigration = 0800;
						ProvisioningStyle = Automatic;
					};
				};
			};
			buildConfigurationList = EE03DC461DEC3A7F00D9E7BF /* Build configuration list for PBXProject "SearchTweets" */;
			compatibilityVersion = "Xcode 3.2";
			developmentRegion = English;
			hasScannedForEncodings = 0;
			knownRegions = (
				en,
				Base,
			);
			mainGroup = EE03DC421DEC3A7F00D9E7BF;
			productRefGroup = EE03DC4C1DEC3A7F00D9E7BF /* Products */;
			projectDirPath = "";
			projectRoot = "";
			targets = (
				EE03DC4A1DEC3A7F00D9E7BF /* SearchTweets */,
			);
		};
/* End PBXProject section */

/* Begin PBXResourcesBuildPhase section */
		EE03DC491DEC3A7F00D9E7BF /* Resources */ = {
			isa = PBXResourcesBuildPhase;
			buildActionMask = 2147483647;
			files = (
				EE03DC6C1DEC3D5B00D9E7BF /* SearchTweets.storyboard in Resources */,
				EEEFD8071DED8BC2003171CA /* TweetCell.xib in Resources */,
				EE03DC5C1DEC3A7F00D9E7BF /* LaunchScreen.storyboard in Resources */,
				EE03DC591DEC3A7F00D9E7BF /* Assets.xcassets in Resources */,
				EE03DC541DEC3A7F00D9E7BF /* Main.storyboard in Resources */,
				EE71B6051DEDB7B5004E9965 /* TweetDetail.storyboard in Resources */,
			);
			runOnlyForDeploymentPostprocessing = 0;
		};
/* End PBXResourcesBuildPhase section */

/* Begin PBXShellScriptBuildPhase section */
		1A0F1D518C4A2C59F0F36E8A /* [CP] Copy Pods Resources */ = {
			isa = PBXShellScriptBuildPhase;
			buildActionMask = 2147483647;
			files = (
			);
			inputPaths = (
			);
			name = "[CP] Copy Pods Resources";
			outputPaths = (
			);
			runOnlyForDeploymentPostprocessing = 0;
			shellPath = /bin/sh;
			shellScript = "\"${SRCROOT}/Pods/Target Support Files/Pods-SearchTweets/Pods-SearchTweets-resources.sh\"\n";
			showEnvVarsInLog = 0;
		};
		48885FF039D1D7B1A5996DE3 /* [CP] Embed Pods Frameworks */ = {
			isa = PBXShellScriptBuildPhase;
			buildActionMask = 2147483647;
			files = (
			);
			inputPaths = (
			);
			name = "[CP] Embed Pods Frameworks";
			outputPaths = (
			);
			runOnlyForDeploymentPostprocessing = 0;
			shellPath = /bin/sh;
			shellScript = "\"${SRCROOT}/Pods/Target Support Files/Pods-SearchTweets/Pods-SearchTweets-frameworks.sh\"\n";
			showEnvVarsInLog = 0;
		};
		8CDE945CBAD767B60DCC1360 /* [CP] Check Pods Manifest.lock */ = {
			isa = PBXShellScriptBuildPhase;
			buildActionMask = 2147483647;
			files = (
			);
			inputPaths = (
			);
			name = "[CP] Check Pods Manifest.lock";
			outputPaths = (
			);
			runOnlyForDeploymentPostprocessing = 0;
			shellPath = /bin/sh;
			shellScript = "diff \"${PODS_ROOT}/../Podfile.lock\" \"${PODS_ROOT}/Manifest.lock\" > /dev/null\nif [[ $? != 0 ]] ; then\n    cat << EOM\nerror: The sandbox is not in sync with the Podfile.lock. Run 'pod install' or update your CocoaPods installation.\nEOM\n    exit 1\nfi\n";
			showEnvVarsInLog = 0;
		};
/* End PBXShellScriptBuildPhase section */

/* Begin PBXSourcesBuildPhase section */
		EE03DC471DEC3A7F00D9E7BF /* Sources */ = {
			isa = PBXSourcesBuildPhase;
			buildActionMask = 2147483647;
			files = (
				EE03DC681DEC3CB300D9E7BF /* ViewController.swift in Sources */,
				EE03DC741DEC48F400D9E7BF /* getBase64.swift in Sources */,
				EE03DC661DEC3CA300D9E7BF /* AppDelegate.swift in Sources */,
				EEEFD8061DED8BC2003171CA /* TweetCell.swift in Sources */,
				EEEFD8011DED8295003171CA /* Tweet.swift in Sources */,
				EEEFD8031DED88AF003171CA /* User.swift in Sources */,
				EE71B6071DEDB90F004E9965 /* TweetDetail.swift in Sources */,
				EE03DC6E1DEC3DA100D9E7BF /* SearchTweetsVC.swift in Sources */,
				EE03DC571DEC3A7F00D9E7BF /* SearchTweets.xcdatamodeld in Sources */,
				EE03DC711DEC43D600D9E7BF /* TwitterOAuthClass.swift in Sources */,
			);
			runOnlyForDeploymentPostprocessing = 0;
		};
/* End PBXSourcesBuildPhase section */

/* Begin PBXVariantGroup section */
		EE03DC521DEC3A7F00D9E7BF /* Main.storyboard */ = {
			isa = PBXVariantGroup;
			children = (
				EE03DC531DEC3A7F00D9E7BF /* Base */,
			);
			name = Main.storyboard;
			sourceTree = "<group>";
		};
		EE03DC5A1DEC3A7F00D9E7BF /* LaunchScreen.storyboard */ = {
			isa = PBXVariantGroup;
			children = (
				EE03DC5B1DEC3A7F00D9E7BF /* Base */,
			);
			name = LaunchScreen.storyboard;
			sourceTree = "<group>";
		};
/* End PBXVariantGroup section */

/* Begin XCBuildConfiguration section */
		EE03DC5E1DEC3A7F00D9E7BF /* Debug */ = {
			isa = XCBuildConfiguration;
			buildSettings = {
				ALWAYS_SEARCH_USER_PATHS = NO;
				CLANG_ANALYZER_NONNULL = YES;
				CLANG_CXX_LANGUAGE_STANDARD = "gnu++0x";
				CLANG_CXX_LIBRARY = "libc++";
				CLANG_ENABLE_MODULES = YES;
				CLANG_ENABLE_OBJC_ARC = YES;
				CLANG_WARN_BOOL_CONVERSION = YES;
				CLANG_WARN_CONSTANT_CONVERSION = YES;
				CLANG_WARN_DIRECT_OBJC_ISA_USAGE = YES_ERROR;
				CLANG_WARN_DOCUMENTATION_COMMENTS = YES;
				CLANG_WARN_EMPTY_BODY = YES;
				CLANG_WARN_ENUM_CONVERSION = YES;
				CLANG_WARN_INFINITE_RECURSION = YES;
				CLANG_WARN_INT_CONVERSION = YES;
				CLANG_WARN_OBJC_ROOT_CLASS = YES_ERROR;
				CLANG_WARN_SUSPICIOUS_MOVES = YES;
				CLANG_WARN_UNREACHABLE_CODE = YES;
				CLANG_WARN__DUPLICATE_METHOD_MATCH = YES;
				"CODE_SIGN_IDENTITY[sdk=iphoneos*]" = "iPhone Developer";
				COPY_PHASE_STRIP = NO;
				DEBUG_INFORMATION_FORMAT = dwarf;
				ENABLE_STRICT_OBJC_MSGSEND = YES;
				ENABLE_TESTABILITY = YES;
				GCC_C_LANGUAGE_STANDARD = gnu99;
				GCC_DYNAMIC_NO_PIC = NO;
				GCC_NO_COMMON_BLOCKS = YES;
				GCC_OPTIMIZATION_LEVEL = 0;
				GCC_PREPROCESSOR_DEFINITIONS = (
					"DEBUG=1",
					"$(inherited)",
				);
				GCC_WARN_64_TO_32_BIT_CONVERSION = YES;
				GCC_WARN_ABOUT_RETURN_TYPE = YES_ERROR;
				GCC_WARN_UNDECLARED_SELECTOR = YES;
				GCC_WARN_UNINITIALIZED_AUTOS = YES_AGGRESSIVE;
				GCC_WARN_UNUSED_FUNCTION = YES;
				GCC_WARN_UNUSED_VARIABLE = YES;
				IPHONEOS_DEPLOYMENT_TARGET = 10.0;
				MTL_ENABLE_DEBUG_INFO = YES;
				ONLY_ACTIVE_ARCH = YES;
				SDKROOT = iphoneos;
				SWIFT_ACTIVE_COMPILATION_CONDITIONS = DEBUG;
				SWIFT_OPTIMIZATION_LEVEL = "-Onone";
			};
			name = Debug;
		};
		EE03DC5F1DEC3A7F00D9E7BF /* Release */ = {
			isa = XCBuildConfiguration;
			buildSettings = {
				ALWAYS_SEARCH_USER_PATHS = NO;
				CLANG_ANALYZER_NONNULL = YES;
				CLANG_CXX_LANGUAGE_STANDARD = "gnu++0x";
				CLANG_CXX_LIBRARY = "libc++";
				CLANG_ENABLE_MODULES = YES;
				CLANG_ENABLE_OBJC_ARC = YES;
				CLANG_WARN_BOOL_CONVERSION = YES;
				CLANG_WARN_CONSTANT_CONVERSION = YES;
				CLANG_WARN_DIRECT_OBJC_ISA_USAGE = YES_ERROR;
				CLANG_WARN_DOCUMENTATION_COMMENTS = YES;
				CLANG_WARN_EMPTY_BODY = YES;
				CLANG_WARN_ENUM_CONVERSION = YES;
				CLANG_WARN_INFINITE_RECURSION = YES;
				CLANG_WARN_INT_CONVERSION = YES;
				CLANG_WARN_OBJC_ROOT_CLASS = YES_ERROR;
				CLANG_WARN_SUSPICIOUS_MOVES = YES;
				CLANG_WARN_UNREACHABLE_CODE = YES;
				CLANG_WARN__DUPLICATE_METHOD_MATCH = YES;
				"CODE_SIGN_IDENTITY[sdk=iphoneos*]" = "iPhone Developer";
				COPY_PHASE_STRIP = NO;
				DEBUG_INFORMATION_FORMAT = "dwarf-with-dsym";
				ENABLE_NS_ASSERTIONS = NO;
				ENABLE_STRICT_OBJC_MSGSEND = YES;
				GCC_C_LANGUAGE_STANDARD = gnu99;
				GCC_NO_COMMON_BLOCKS = YES;
				GCC_WARN_64_TO_32_BIT_CONVERSION = YES;
				GCC_WARN_ABOUT_RETURN_TYPE = YES_ERROR;
				GCC_WARN_UNDECLARED_SELECTOR = YES;
				GCC_WARN_UNINITIALIZED_AUTOS = YES_AGGRESSIVE;
				GCC_WARN_UNUSED_FUNCTION = YES;
				GCC_WARN_UNUSED_VARIABLE = YES;
				IPHONEOS_DEPLOYMENT_TARGET = 10.0;
				MTL_ENABLE_DEBUG_INFO = NO;
				SDKROOT = iphoneos;
				SWIFT_OPTIMIZATION_LEVEL = "-Owholemodule";
				VALIDATE_PRODUCT = YES;
			};
			name = Release;
		};
		EE03DC611DEC3A7F00D9E7BF /* Debug */ = {
			isa = XCBuildConfiguration;
			baseConfigurationReference = EAB39FE1CD38D30A756428C6 /* Pods-SearchTweets.debug.xcconfig */;
			buildSettings = {
				ASSETCATALOG_COMPILER_APPICON_NAME = AppIcon;
				CLANG_ENABLE_MODULES = YES;
				INFOPLIST_FILE = SearchTweets/Info.plist;
				LD_RUNPATH_SEARCH_PATHS = "$(inherited) @executable_path/Frameworks";
				PRODUCT_BUNDLE_IDENTIFIER = com.awais.SearchTweets;
				PRODUCT_NAME = "$(TARGET_NAME)";
				SWIFT_OPTIMIZATION_LEVEL = "-Onone";
				SWIFT_VERSION = 3.0;
			};
			name = Debug;
		};
		EE03DC621DEC3A7F00D9E7BF /* Release */ = {
			isa = XCBuildConfiguration;
			baseConfigurationReference = 7CA0AFCF98A9AD6D26096D02 /* Pods-SearchTweets.release.xcconfig */;
			buildSettings = {
				ASSETCATALOG_COMPILER_APPICON_NAME = AppIcon;
				CLANG_ENABLE_MODULES = YES;
				INFOPLIST_FILE = SearchTweets/Info.plist;
				LD_RUNPATH_SEARCH_PATHS = "$(inherited) @executable_path/Frameworks";
				PRODUCT_BUNDLE_IDENTIFIER = com.awais.SearchTweets;
				PRODUCT_NAME = "$(TARGET_NAME)";
				SWIFT_VERSION = 3.0;
			};
			name = Release;
		};
/* End XCBuildConfiguration section */

/* Begin XCConfigurationList section */
		EE03DC461DEC3A7F00D9E7BF /* Build configuration list for PBXProject "SearchTweets" */ = {
			isa = XCConfigurationList;
			buildConfigurations = (
				EE03DC5E1DEC3A7F00D9E7BF /* Debug */,
				EE03DC5F1DEC3A7F00D9E7BF /* Release */,
			);
			defaultConfigurationIsVisible = 0;
			defaultConfigurationName = Release;
		};
		EE03DC601DEC3A7F00D9E7BF /* Build configuration list for PBXNativeTarget "SearchTweets" */ = {
			isa = XCConfigurationList;
			buildConfigurations = (
				EE03DC611DEC3A7F00D9E7BF /* Debug */,
				EE03DC621DEC3A7F00D9E7BF /* Release */,
			);
			defaultConfigurationIsVisible = 0;
			defaultConfigurationName = Release;
		};
/* End XCConfigurationList section */

/* Begin XCVersionGroup section */
		EE03DC551DEC3A7F00D9E7BF /* SearchTweets.xcdatamodeld */ = {
			isa = XCVersionGroup;
			children = (
				EE03DC561DEC3A7F00D9E7BF /* SearchTweets.xcdatamodel */,
			);
			currentVersion = EE03DC561DEC3A7F00D9E7BF /* SearchTweets.xcdatamodel */;
			path = SearchTweets.xcdatamodeld;
			sourceTree = "<group>";
			versionGroupType = wrapper.xcdatamodel;
		};
/* End XCVersionGroup section */
	};
	rootObject = EE03DC431DEC3A7F00D9E7BF /* Project object */;
}
